
Microsoft Visual Studio Solution File, Format Version 12.00
# Visual Studio Version 17
VisualStudioVersion = 17.13.35931.197
MinimumVisualStudioVersion = 10.0.40219.1
Project("{FAE04EC0-301F-11D3-BF4B-00C04F79EFBC}") = "ProjectCondoManagement", "ProjectCondoManagement\ProjectCondoManagement.csproj", "{A7EB3EA6-231A-46AE-8015-138646424F5E}"
EndProject
Project("{FAE04EC0-301F-11D3-BF4B-00C04F79EFBC}") = "ClassLibrary", "ClassLibrary\ClassLibrary.csproj", "{83F7CCCF-B1AD-46ED-A503-34EAC40D1EFA}"
EndProject
Project("{FAE04EC0-301F-11D3-BF4B-00C04F79EFBC}") = "CondoManagementWebApp", "CondoManagementWebApp\CondoManagementWebApp.csproj", "{C1A9C717-0FD5-4638-87D1-A77E16C80488}"
EndProject
Project("{FAE04EC0-301F-11D3-BF4B-00C04F79EFBC}") = "MobileCondoManagement", "MobileCondoManagement\MobileCondoManagement.csproj", "{E4FC3CCA-E83D-4B04-80F8-5F35AA97F6FE}"
EndProject
Global
	GlobalSection(SolutionConfigurationPlatforms) = preSolution
		Debug|Any CPU = Debug|Any CPU
		Release|Any CPU = Release|Any CPU
	EndGlobalSection
	GlobalSection(ProjectConfigurationPlatforms) = postSolution
		{A7EB3EA6-231A-46AE-8015-138646424F5E}.Debug|Any CPU.ActiveCfg = Debug|Any CPU
		{A7EB3EA6-231A-46AE-8015-138646424F5E}.Debug|Any CPU.Build.0 = Debug|Any CPU
		{A7EB3EA6-231A-46AE-8015-138646424F5E}.Release|Any CPU.ActiveCfg = Release|Any CPU
		{A7EB3EA6-231A-46AE-8015-138646424F5E}.Release|Any CPU.Build.0 = Release|Any CPU
		{83F7CCCF-B1AD-46ED-A503-34EAC40D1EFA}.Debug|Any CPU.ActiveCfg = Debug|Any CPU
		{83F7CCCF-B1AD-46ED-A503-34EAC40D1EFA}.Debug|Any CPU.Build.0 = Debug|Any CPU
		{83F7CCCF-B1AD-46ED-A503-34EAC40D1EFA}.Release|Any CPU.ActiveCfg = Release|Any CPU
		{83F7CCCF-B1AD-46ED-A503-34EAC40D1EFA}.Release|Any CPU.Build.0 = Release|Any CPU
		{C1A9C717-0FD5-4638-87D1-A77E16C80488}.Debug|Any CPU.ActiveCfg = Debug|Any CPU
		{C1A9C717-0FD5-4638-87D1-A77E16C80488}.Debug|Any CPU.Build.0 = Debug|Any CPU
		{C1A9C717-0FD5-4638-87D1-A77E16C80488}.Release|Any CPU.ActiveCfg = Release|Any CPU
		{C1A9C717-0FD5-4638-87D1-A77E16C80488}.Release|Any CPU.Build.0 = Release|Any CPU
		{E4FC3CCA-E83D-4B04-80F8-5F35AA97F6FE}.Debug|Any CPU.ActiveCfg = Debug|Any CPU
		{E4FC3CCA-E83D-4B04-80F8-5F35AA97F6FE}.Debug|Any CPU.Build.0 = Debug|Any CPU
		{E4FC3CCA-E83D-4B04-80F8-5F35AA97F6FE}.Debug|Any CPU.Deploy.0 = Debug|Any CPU
		{E4FC3CCA-E83D-4B04-80F8-5F35AA97F6FE}.Release|Any CPU.ActiveCfg = Release|Any CPU
		{E4FC3CCA-E83D-4B04-80F8-5F35AA97F6FE}.Release|Any CPU.Build.0 = Release|Any CPU
		{E4FC3CCA-E83D-4B04-80F8-5F35AA97F6FE}.Release|Any CPU.Deploy.0 = Release|Any CPU
	EndGlobalSection
	GlobalSection(SolutionProperties) = preSolution
		HideSolutionNode = FALSE
	EndGlobalSection
	GlobalSection(ExtensibilityGlobals) = postSolution
		SolutionGuid = {80092617-BC62-421F-8D8E-0046AF1512EB}
	EndGlobalSection
EndGlobal
